
Microsoft Visual Studio Solution File, Format Version 12.00
# Visual Studio Version 17
VisualStudioVersion = 17.5.33627.172
MinimumVisualStudioVersion = 10.0.40219.1
Project("{FAE04EC0-301F-11D3-BF4B-00C04F79EFBC}") = "mvc-energy-plants", "mvc-energy-plants.csproj", "{9828DC4C-4FBB-419C-80B9-0501CB831E5B}"
EndProject
Global
	GlobalSection(SolutionConfigurationPlatforms) = preSolution
		Debug|Any CPU = Debug|Any CPU
		Release|Any CPU = Release|Any CPU
	EndGlobalSection
	GlobalSection(ProjectConfigurationPlatforms) = postSolution
		{9828DC4C-4FBB-419C-80B9-0501CB831E5B}.Debug|Any CPU.ActiveCfg = Debug|Any CPU
		{9828DC4C-4FBB-419C-80B9-0501CB831E5B}.Debug|Any CPU.Build.0 = Debug|Any CPU
		{9828DC4C-4FBB-419C-80B9-0501CB831E5B}.Release|Any CPU.ActiveCfg = Release|Any CPU
		{9828DC4C-4FBB-419C-80B9-0501CB831E5B}.Release|Any CPU.Build.0 = Release|Any CPU
	EndGlobalSection
	GlobalSection(SolutionProperties) = preSolution
		HideSolutionNode = FALSE
	EndGlobalSection
	GlobalSection(ExtensibilityGlobals) = postSolution
		SolutionGuid = {00B9977B-7FB6-4C5C-80C0-F94E752E7D01}
	EndGlobalSection
EndGlobal
